
Microsoft Visual Studio Solution File, Format Version 12.00
# Visual Studio Version 17
VisualStudioVersion = 17.6.33723.286
MinimumVisualStudioVersion = 10.0.40219.1
Project("{9A19103F-16F7-4668-BE54-9A1E7A4F7556}") = "Nogginbox.MailForwarder.Server", "Nogginbox.MailForwarder.Server\Nogginbox.MailForwarder.Server.csproj", "{1C5F54CC-ECAF-4A4E-9063-43C44B78F212}"
EndProject
Project("{2150E333-8FDC-42A3-9474-1A3956D46DE8}") = "_Solution", "_Solution", "{86B03232-E44B-4FEE-975F-DC471A3E042E}"
	ProjectSection(SolutionItems) = preProject
		.gitignore = .gitignore
		LICENSE.md = LICENSE.md
		README.md = README.md
	EndProjectSection
EndProject
Project("{FAE04EC0-301F-11D3-BF4B-00C04F79EFBC}") = "Nogginbox.MailForwarder.Tests", "Nogginbox.MailForwarder.Tests\Nogginbox.MailForwarder.Tests.csproj", "{244C3730-CB6A-40CE-9BEE-5CCBC0EC1027}"
EndProject
Global
	GlobalSection(SolutionConfigurationPlatforms) = preSolution
		Debug|Any CPU = Debug|Any CPU
		Release|Any CPU = Release|Any CPU
	EndGlobalSection
	GlobalSection(ProjectConfigurationPlatforms) = postSolution
		{1C5F54CC-ECAF-4A4E-9063-43C44B78F212}.Debug|Any CPU.ActiveCfg = Debug|Any CPU
		{1C5F54CC-ECAF-4A4E-9063-43C44B78F212}.Debug|Any CPU.Build.0 = Debug|Any CPU
		{1C5F54CC-ECAF-4A4E-9063-43C44B78F212}.Release|Any CPU.ActiveCfg = Release|Any CPU
		{1C5F54CC-ECAF-4A4E-9063-43C44B78F212}.Release|Any CPU.Build.0 = Release|Any CPU
		{244C3730-CB6A-40CE-9BEE-5CCBC0EC1027}.Debug|Any CPU.ActiveCfg = Debug|Any CPU
		{244C3730-CB6A-40CE-9BEE-5CCBC0EC1027}.Debug|Any CPU.Build.0 = Debug|Any CPU
		{244C3730-CB6A-40CE-9BEE-5CCBC0EC1027}.Release|Any CPU.ActiveCfg = Release|Any CPU
		{244C3730-CB6A-40CE-9BEE-5CCBC0EC1027}.Release|Any CPU.Build.0 = Release|Any CPU
	EndGlobalSection
	GlobalSection(SolutionProperties) = preSolution
		HideSolutionNode = FALSE
	EndGlobalSection
	GlobalSection(ExtensibilityGlobals) = postSolution
		SolutionGuid = {CF0922EB-1CDE-48F4-AD0F-A0CC9B7C4ABC}
	EndGlobalSection
EndGlobal
